// !$*UTF8*$!
{
	archiveVersion = 1;
	classes = {
	};
	objectVersion = 50;
	objects = {

/* Begin PBXBuildFile section */
		C1E86335240DEB28000E4B11 /* AppDelegate.m in Sources */ = {isa = PBXBuildFile; fileRef = C1E86334240DEB28000E4B11 /* AppDelegate.m */; };
		C1E86338240DEB28000E4B11 /* SceneDelegate.m in Sources */ = {isa = PBXBuildFile; fileRef = C1E86337240DEB28000E4B11 /* SceneDelegate.m */; };
		C1E8633B240DEB28000E4B11 /* ViewController.m in Sources */ = {isa = PBXBuildFile; fileRef = C1E8633A240DEB28000E4B11 /* ViewController.m */; };
		C1E8633E240DEB28000E4B11 /* Main.storyboard in Resources */ = {isa = PBXBuildFile; fileRef = C1E8633C240DEB28000E4B11 /* Main.storyboard */; };
		C1E86340240DEB2B000E4B11 /* Assets.xcassets in Resources */ = {isa = PBXBuildFile; fileRef = C1E8633F240DEB2B000E4B11 /* Assets.xcassets */; };
		C1E86343240DEB2B000E4B11 /* LaunchScreen.storyboard in Resources */ = {isa = PBXBuildFile; fileRef = C1E86341240DEB2B000E4B11 /* LaunchScreen.storyboard */; };
		C1E86346240DEB2B000E4B11 /* main.m in Sources */ = {isa = PBXBuildFile; fileRef = C1E86345240DEB2B000E4B11 /* main.m */; };
		C1FB0C1024109A57000AEE80 /* DCJConcrete.m in Sources */ = {isa = PBXBuildFile; fileRef = C1FB0C0F24109A57000AEE80 /* DCJConcrete.m */; };
		C1FB0C1324109BF1000AEE80 /* SecondViewController.m in Sources */ = {isa = PBXBuildFile; fileRef = C1FB0C1224109BF1000AEE80 /* SecondViewController.m */; };
		C1FB0C1624109FA7000AEE80 /* DCJConcreteGlobal.m in Sources */ = {isa = PBXBuildFile; fileRef = C1FB0C1524109FA7000AEE80 /* DCJConcreteGlobal.m */; };
/* End PBXBuildFile section */

/* Begin PBXFileReference section */
		C1E86330240DEB28000E4B11 /* BlockDemo.app */ = {isa = PBXFileReference; explicitFileType = wrapper.application; includeInIndex = 0; path = BlockDemo.app; sourceTree = BUILT_PRODUCTS_DIR; };
		C1E86333240DEB28000E4B11 /* AppDelegate.h */ = {isa = PBXFileReference; lastKnownFileType = sourcecode.c.h; path = AppDelegate.h; sourceTree = "<group>"; };
		C1E86334240DEB28000E4B11 /* AppDelegate.m */ = {isa = PBXFileReference; lastKnownFileType = sourcecode.c.objc; path = AppDelegate.m; sourceTree = "<group>"; };
		C1E86336240DEB28000E4B11 /* SceneDelegate.h */ = {isa = PBXFileReference; lastKnownFileType = sourcecode.c.h; path = SceneDelegate.h; sourceTree = "<group>"; };
		C1E86337240DEB28000E4B11 /* SceneDelegate.m */ = {isa = PBXFileReference; lastKnownFileType = sourcecode.c.objc; path = SceneDelegate.m; sourceTree = "<group>"; };
		C1E86339240DEB28000E4B11 /* ViewController.h */ = {isa = PBXFileReference; lastKnownFileType = sourcecode.c.h; path = ViewController.h; sourceTree = "<group>"; };
		C1E8633A240DEB28000E4B11 /* ViewController.m */ = {isa = PBXFileReference; lastKnownFileType = sourcecode.c.objc; path = ViewController.m; sourceTree = "<group>"; };
		C1E8633D240DEB28000E4B11 /* Base */ = {isa = PBXFileReference; lastKnownFileType = file.storyboard; name = Base; path = Base.lproj/Main.storyboard; sourceTree = "<group>"; };
		C1E8633F240DEB2B000E4B11 /* Assets.xcassets */ = {isa = PBXFileReference; lastKnownFileType = folder.assetcatalog; path = Assets.xcassets; sourceTree = "<group>"; };
		C1E86342240DEB2B000E4B11 /* Base */ = {isa = PBXFileReference; lastKnownFileType = file.storyboard; name = Base; path = Base.lproj/LaunchScreen.storyboard; sourceTree = "<group>"; };
		C1E86344240DEB2B000E4B11 /* Info.plist */ = {isa = PBXFileReference; lastKnownFileType = text.plist.xml; path = Info.plist; sourceTree = "<group>"; };
		C1E86345240DEB2B000E4B11 /* main.m */ = {isa = PBXFileReference; lastKnownFileType = sourcecode.c.objc; path = main.m; sourceTree = "<group>"; };
		C1FB0C0E24109A57000AEE80 /* DCJConcrete.h */ = {isa = PBXFileReference; lastKnownFileType = sourcecode.c.h; path = DCJConcrete.h; sourceTree = "<group>"; };
		C1FB0C0F24109A57000AEE80 /* DCJConcrete.m */ = {isa = PBXFileReference; lastKnownFileType = sourcecode.c.objc; path = DCJConcrete.m; sourceTree = "<group>"; };
		C1FB0C1124109BF1000AEE80 /* SecondViewController.h */ = {isa = PBXFileReference; lastKnownFileType = sourcecode.c.h; path = SecondViewController.h; sourceTree = "<group>"; };
		C1FB0C1224109BF1000AEE80 /* SecondViewController.m */ = {isa = PBXFileReference; lastKnownFileType = sourcecode.c.objc; path = SecondViewController.m; sourceTree = "<group>"; };
		C1FB0C1424109FA7000AEE80 /* DCJConcreteGlobal.h */ = {isa = PBXFileReference; lastKnownFileType = sourcecode.c.h; path = DCJConcreteGlobal.h; sourceTree = "<group>"; };
		C1FB0C1524109FA7000AEE80 /* DCJConcreteGlobal.m */ = {isa = PBXFileReference; lastKnownFileType = sourcecode.c.objc; path = DCJConcreteGlobal.m; sourceTree = "<group>"; };
/* End PBXFileReference section */

/* Begin PBXFrameworksBuildPhase section */
		C1E8632D240DEB28000E4B11 /* Frameworks */ = {
			isa = PBXFrameworksBuildPhase;
			buildActionMask = 2147483647;
			files = (
			);
			runOnlyForDeploymentPostprocessing = 0;
		};
/* End PBXFrameworksBuildPhase section */

/* Begin PBXGroup section */
		C1E86327240DEB28000E4B11 = {
			isa = PBXGroup;
			children = (
				C1E86332240DEB28000E4B11 /* BlockDemo */,
				C1E86331240DEB28000E4B11 /* Products */,
			);
			sourceTree = "<group>";
		};
		C1E86331240DEB28000E4B11 /* Products */ = {
			isa = PBXGroup;
			children = (
				C1E86330240DEB28000E4B11 /* BlockDemo.app */,
			);
			name = Products;
			sourceTree = "<group>";
		};
		C1E86332240DEB28000E4B11 /* BlockDemo */ = {
			isa = PBXGroup;
			children = (
				C1E86333240DEB28000E4B11 /* AppDelegate.h */,
				C1E86334240DEB28000E4B11 /* AppDelegate.m */,
				C1E86336240DEB28000E4B11 /* SceneDelegate.h */,
				C1E86337240DEB28000E4B11 /* SceneDelegate.m */,
				C1E86339240DEB28000E4B11 /* ViewController.h */,
				C1E8633A240DEB28000E4B11 /* ViewController.m */,
				C1E8633C240DEB28000E4B11 /* Main.storyboard */,
				C1E8633F240DEB2B000E4B11 /* Assets.xcassets */,
				C1E86341240DEB2B000E4B11 /* LaunchScreen.storyboard */,
				C1E86344240DEB2B000E4B11 /* Info.plist */,
				C1E86345240DEB2B000E4B11 /* main.m */,
				C1FB0C0E24109A57000AEE80 /* DCJConcrete.h */,
				C1FB0C0F24109A57000AEE80 /* DCJConcrete.m */,
				C1FB0C1124109BF1000AEE80 /* SecondViewController.h */,
				C1FB0C1224109BF1000AEE80 /* SecondViewController.m */,
				C1FB0C1424109FA7000AEE80 /* DCJConcreteGlobal.h */,
				C1FB0C1524109FA7000AEE80 /* DCJConcreteGlobal.m */,
			);
			path = BlockDemo;
			sourceTree = "<group>";
		};
/* End PBXGroup section */

/* Begin PBXNativeTarget section */
		C1E8632F240DEB28000E4B11 /* BlockDemo */ = {
			isa = PBXNativeTarget;
			buildConfigurationList = C1E86349240DEB2B000E4B11 /* Build configuration list for PBXNativeTarget "BlockDemo" */;
			buildPhases = (
				C1E8632C240DEB28000E4B11 /* Sources */,
				C1E8632D240DEB28000E4B11 /* Frameworks */,
				C1E8632E240DEB28000E4B11 /* Resources */,
			);
			buildRules = (
			);
			dependencies = (
			);
			name = BlockDemo;
			productName = BlockDemo;
			productReference = C1E86330240DEB28000E4B11 /* BlockDemo.app */;
			productType = "com.apple.product-type.application";
		};
/* End PBXNativeTarget section */

/* Begin PBXProject section */
		C1E86328240DEB28000E4B11 /* Project object */ = {
			isa = PBXProject;
			attributes = {
				LastUpgradeCheck = 1130;
				ORGANIZATIONNAME = "chao jie deng";
				TargetAttributes = {
					C1E8632F240DEB28000E4B11 = {
						CreatedOnToolsVersion = 11.3;
					};
				};
			};
			buildConfigurationList = C1E8632B240DEB28000E4B11 /* Build configuration list for PBXProject "BlockDemo" */;
			compatibilityVersion = "Xcode 9.3";
			developmentRegion = en;
			hasScannedForEncodings = 0;
			knownRegions = (
				en,
				Base,
			);
			mainGroup = C1E86327240DEB28000E4B11;
			productRefGroup = C1E86331240DEB28000E4B11 /* Products */;
			projectDirPath = "";
			projectRoot = "";
			targets = (
				C1E8632F240DEB28000E4B11 /* BlockDemo */,
			);
		};
/* End PBXProject section */

/* Begin PBXResourcesBuildPhase section */
		C1E8632E240DEB28000E4B11 /* Resources */ = {
			isa = PBXResourcesBuildPhase;
			buildActionMask = 2147483647;
			files = (
				C1E86343240DEB2B000E4B11 /* LaunchScreen.storyboard in Resources */,
				C1E86340240DEB2B000E4B11 /* Assets.xcassets in Resources */,
				C1E8633E240DEB28000E4B11 /* Main.storyboard in Resources */,
			);
			runOnlyForDeploymentPostprocessing = 0;
		};
/* End PBXResourcesBuildPhase section */

/* Begin PBXSourcesBuildPhase section */
		C1E8632C240DEB28000E4B11 /* Sources */ = {
			isa = PBXSourcesBuildPhase;
			buildActionMask = 2147483647;
			files = (
				C1FB0C1324109BF1000AEE80 /* SecondViewController.m in Sources */,
				C1E8633B240DEB28000E4B11 /* ViewController.m in Sources */,
				C1FB0C1624109FA7000AEE80 /* DCJConcreteGlobal.m in Sources */,
				C1FB0C1024109A57000AEE80 /* DCJConcrete.m in Sources */,
				C1E86335240DEB28000E4B11 /* AppDelegate.m in Sources */,
				C1E86346240DEB2B000E4B11 /* main.m in Sources */,
				C1E86338240DEB28000E4B11 /* SceneDelegate.m in Sources */,
			);
			runOnlyForDeploymentPostprocessing = 0;
		};
/* End PBXSourcesBuildPhase section */

/* Begin PBXVariantGroup section */
		C1E8633C240DEB28000E4B11 /* Main.storyboard */ = {
			isa = PBXVariantGroup;
			children = (
				C1E8633D240DEB28000E4B11 /* Base */,
			);
			name = Main.storyboard;
			sourceTree = "<group>";
		};
		C1E86341240DEB2B000E4B11 /* LaunchScreen.storyboard */ = {
			isa = PBXVariantGroup;
			children = (
				C1E86342240DEB2B000E4B11 /* Base */,
			);
			name = LaunchScreen.storyboard;
			sourceTree = "<group>";
		};
/* End PBXVariantGroup section */

/* Begin XCBuildConfiguration section */
		C1E86347240DEB2B000E4B11 /* Debug */ = {
			isa = XCBuildConfiguration;
			buildSettings = {
				ALWAYS_SEARCH_USER_PATHS = NO;
				CLANG_ANALYZER_NONNULL = YES;
				CLANG_ANALYZER_NUMBER_OBJECT_CONVERSION = YES_AGGRESSIVE;
				CLANG_CXX_LANGUAGE_STANDARD = "gnu++14";
				CLANG_CXX_LIBRARY = "libc++";
				CLANG_ENABLE_MODULES = YES;
				CLANG_ENABLE_OBJC_ARC = YES;
				CLANG_ENABLE_OBJC_WEAK = YES;
				CLANG_WARN_BLOCK_CAPTURE_AUTORELEASING = YES;
				CLANG_WARN_BOOL_CONVERSION = YES;
				CLANG_WARN_COMMA = YES;
				CLANG_WARN_CONSTANT_CONVERSION = YES;
				CLANG_WARN_DEPRECATED_OBJC_IMPLEMENTATIONS = YES;
				CLANG_WARN_DIRECT_OBJC_ISA_USAGE = YES_ERROR;
				CLANG_WARN_DOCUMENTATION_COMMENTS = YES;
				CLANG_WARN_EMPTY_BODY = YES;
				CLANG_WARN_ENUM_CONVERSION = YES;
				CLANG_WARN_INFINITE_RECURSION = YES;
				CLANG_WARN_INT_CONVERSION = YES;
				CLANG_WARN_NON_LITERAL_NULL_CONVERSION = YES;
				CLANG_WARN_OBJC_IMPLICIT_RETAIN_SELF = YES;
				CLANG_WARN_OBJC_LITERAL_CONVERSION = YES;
				CLANG_WARN_OBJC_ROOT_CLASS = YES_ERROR;
				CLANG_WARN_RANGE_LOOP_ANALYSIS = YES;
				CLANG_WARN_STRICT_PROTOTYPES = YES;
				CLANG_WARN_SUSPICIOUS_MOVE = YES;
				CLANG_WARN_UNGUARDED_AVAILABILITY = YES_AGGRESSIVE;
				CLANG_WARN_UNREACHABLE_CODE = YES;
				CLANG_WARN__DUPLICATE_METHOD_MATCH = YES;
				COPY_PHASE_STRIP = NO;
				DEBUG_INFORMATION_FORMAT = dwarf;
				ENABLE_STRICT_OBJC_MSGSEND = YES;
				ENABLE_TESTABILITY = YES;
				GCC_C_LANGUAGE_STANDARD = gnu11;
				GCC_DYNAMIC_NO_PIC = NO;
				GCC_NO_COMMON_BLOCKS = YES;
				GCC_OPTIMIZATION_LEVEL = 0;
				GCC_PREPROCESSOR_DEFINITIONS = (
					"DEBUG=1",
					"$(inherited)",
				);
				GCC_WARN_64_TO_32_BIT_CONVERSION = YES;
				GCC_WARN_ABOUT_RETURN_TYPE = YES_ERROR;
				GCC_WARN_UNDECLARED_SELECTOR = YES;
				GCC_WARN_UNINITIALIZED_AUTOS = YES_AGGRESSIVE;
				GCC_WARN_UNUSED_FUNCTION = YES;
				GCC_WARN_UNUSED_VARIABLE = YES;
				IPHONEOS_DEPLOYMENT_TARGET = 13.2;
				MTL_ENABLE_DEBUG_INFO = INCLUDE_SOURCE;
				MTL_FAST_MATH = YES;
				ONLY_ACTIVE_ARCH = YES;
				SDKROOT = iphoneos;
			};
			name = Debug;
		};
		C1E86348240DEB2B000E4B11 /* Release */ = {
			isa = XCBuildConfiguration;
			buildSettings = {
				ALWAYS_SEARCH_USER_PATHS = NO;
				CLANG_ANALYZER_NONNULL = YES;
				CLANG_ANALYZER_NUMBER_OBJECT_CONVERSION = YES_AGGRESSIVE;
				CLANG_CXX_LANGUAGE_STANDARD = "gnu++14";
				CLANG_CXX_LIBRARY = "libc++";
				CLANG_ENABLE_MODULES = YES;
				CLANG_ENABLE_OBJC_ARC = YES;
				CLANG_ENABLE_OBJC_WEAK = YES;
				CLANG_WARN_BLOCK_CAPTURE_AUTORELEASING = YES;
				CLANG_WARN_BOOL_CONVERSION = YES;
				CLANG_WARN_COMMA = YES;
				CLANG_WARN_CONSTANT_CONVERSION = YES;
				CLANG_WARN_DEPRECATED_OBJC_IMPLEMENTATIONS = YES;
				CLANG_WARN_DIRECT_OBJC_ISA_USAGE = YES_ERROR;
				CLANG_WARN_DOCUMENTATION_COMMENTS = YES;
				CLANG_WARN_EMPTY_BODY = YES;
				CLANG_WARN_ENUM_CONVERSION = YES;
				CLANG_WARN_INFINITE_RECURSION = YES;
				CLANG_WARN_INT_CONVERSION = YES;
				CLANG_WARN_NON_LITERAL_NULL_CONVERSION = YES;
				CLANG_WARN_OBJC_IMPLICIT_RETAIN_SELF = YES;
				CLANG_WARN_OBJC_LITERAL_CONVERSION = YES;
				CLANG_WARN_OBJC_ROOT_CLASS = YES_ERROR;
				CLANG_WARN_RANGE_LOOP_ANALYSIS = YES;
				CLANG_WARN_STRICT_PROTOTYPES = YES;
				CLANG_WARN_SUSPICIOUS_MOVE = YES;
				CLANG_WARN_UNGUARDED_AVAILABILITY = YES_AGGRESSIVE;
				CLANG_WARN_UNREACHABLE_CODE = YES;
				CLANG_WARN__DUPLICATE_METHOD_MATCH = YES;
				COPY_PHASE_STRIP = NO;
				DEBUG_INFORMATION_FORMAT = "dwarf-with-dsym";
				ENABLE_NS_ASSERTIONS = NO;
				ENABLE_STRICT_OBJC_MSGSEND = YES;
				GCC_C_LANGUAGE_STANDARD = gnu11;
				GCC_NO_COMMON_BLOCKS = YES;
				GCC_WARN_64_TO_32_BIT_CONVERSION = YES;
				GCC_WARN_ABOUT_RETURN_TYPE = YES_ERROR;
				GCC_WARN_UNDECLARED_SELECTOR = YES;
				GCC_WARN_UNINITIALIZED_AUTOS = YES_AGGRESSIVE;
				GCC_WARN_UNUSED_FUNCTION = YES;
				GCC_WARN_UNUSED_VARIABLE = YES;
				IPHONEOS_DEPLOYMENT_TARGET = 13.2;
				MTL_ENABLE_DEBUG_INFO = NO;
				MTL_FAST_MATH = YES;
				SDKROOT = iphoneos;
				VALIDATE_PRODUCT = YES;
			};
			name = Release;
		};
		C1E8634A240DEB2B000E4B11 /* Debug */ = {
			isa = XCBuildConfiguration;
			buildSettings = {
				ASSETCATALOG_COMPILER_APPICON_NAME = AppIcon;
				CODE_SIGN_STYLE = Automatic;
				INFOPLIST_FILE = BlockDemo/Info.plist;
				LD_RUNPATH_SEARCH_PATHS = (
					"$(inherited)",
					"@executable_path/Frameworks",
				);
				PRODUCT_BUNDLE_IDENTIFIER = com.dcj.BlockDemo;
				PRODUCT_NAME = "$(TARGET_NAME)";
				TARGETED_DEVICE_FAMILY = "1,2";
			};
			name = Debug;
		};
		C1E8634B240DEB2B000E4B11 /* Release */ = {
			isa = XCBuildConfiguration;
			buildSettings = {
				ASSETCATALOG_COMPILER_APPICON_NAME = AppIcon;
				CODE_SIGN_STYLE = Automatic;
				INFOPLIST_FILE = BlockDemo/Info.plist;
				LD_RUNPATH_SEARCH_PATHS = (
					"$(inherited)",
					"@executable_path/Frameworks",
				);
				PRODUCT_BUNDLE_IDENTIFIER = com.dcj.BlockDemo;
				PRODUCT_NAME = "$(TARGET_NAME)";
				TARGETED_DEVICE_FAMILY = "1,2";
			};
			name = Release;
		};
/* End XCBuildConfiguration section */

/* Begin XCConfigurationList section */
		C1E8632B240DEB28000E4B11 /* Build configuration list for PBXProject "BlockDemo" */ = {
			isa = XCConfigurationList;
			buildConfigurations = (
				C1E86347240DEB2B000E4B11 /* Debug */,
				C1E86348240DEB2B000E4B11 /* Release */,
			);
			defaultConfigurationIsVisible = 0;
			defaultConfigurationName = Release;
		};
		C1E86349240DEB2B000E4B11 /* Build configuration list for PBXNativeTarget "BlockDemo" */ = {
			isa = XCConfigurationList;
			buildConfigurations = (
				C1E8634A240DEB2B000E4B11 /* Debug */,
				C1E8634B240DEB2B000E4B11 /* Release */,
			);
			defaultConfigurationIsVisible = 0;
			defaultConfigurationName = Release;
		};
/* End XCConfigurationList section */
	};
	rootObject = C1E86328240DEB28000E4B11 /* Project object */;
}
