// !$*UTF8*$!
{
	archiveVersion = 1;
	classes = {
	};
	objectVersion = 50;
	objects = {

/* Begin PBXBuildFile section */
		C1E643C4244C79D500735A6B /* AppDelegate.m in Sources */ = {isa = PBXBuildFile; fileRef = C1E643C3244C79D500735A6B /* AppDelegate.m */; };
		C1E643C7244C79D500735A6B /* SceneDelegate.m in Sources */ = {isa = PBXBuildFile; fileRef = C1E643C6244C79D500735A6B /* SceneDelegate.m */; };
		C1E643CA244C79D500735A6B /* ViewController.m in Sources */ = {isa = PBXBuildFile; fileRef = C1E643C9244C79D500735A6B /* ViewController.m */; };
		C1E643CD244C79D500735A6B /* Main.storyboard in Resources */ = {isa = PBXBuildFile; fileRef = C1E643CB244C79D500735A6B /* Main.storyboard */; };
		C1E643CF244C79D700735A6B /* Assets.xcassets in Resources */ = {isa = PBXBuildFile; fileRef = C1E643CE244C79D700735A6B /* Assets.xcassets */; };
		C1E643D2244C79D700735A6B /* LaunchScreen.storyboard in Resources */ = {isa = PBXBuildFile; fileRef = C1E643D0244C79D700735A6B /* LaunchScreen.storyboard */; };
		C1E643D5244C79D700735A6B /* main.m in Sources */ = {isa = PBXBuildFile; fileRef = C1E643D4244C79D700735A6B /* main.m */; };
		C1E643DF244C7AC900735A6B /* AViewController.m in Sources */ = {isa = PBXBuildFile; fileRef = C1E643DE244C7AC900735A6B /* AViewController.m */; };
		C1E643E2244C7B1100735A6B /* Target_A.m in Sources */ = {isa = PBXBuildFile; fileRef = C1E643E1244C7B1100735A6B /* Target_A.m */; };
		C1E643E7244C7BB200735A6B /* CTMediator+AActions.m in Sources */ = {isa = PBXBuildFile; fileRef = C1E643E6244C7BB200735A6B /* CTMediator+AActions.m */; };
		EC463C23B8A9CDE3EDD73B41 /* libPods-Component.a in Frameworks */ = {isa = PBXBuildFile; fileRef = 3472F4DA9D1E0A49146DE2A4 /* libPods-Component.a */; };
/* End PBXBuildFile section */

/* Begin PBXFileReference section */
		1458E71B30A06319117AF82E /* Pods-Component.release.xcconfig */ = {isa = PBXFileReference; includeInIndex = 1; lastKnownFileType = text.xcconfig; name = "Pods-Component.release.xcconfig"; path = "Target Support Files/Pods-Component/Pods-Component.release.xcconfig"; sourceTree = "<group>"; };
		3472F4DA9D1E0A49146DE2A4 /* libPods-Component.a */ = {isa = PBXFileReference; explicitFileType = archive.ar; includeInIndex = 0; path = "libPods-Component.a"; sourceTree = BUILT_PRODUCTS_DIR; };
		C1E643BF244C79D500735A6B /* Component.app */ = {isa = PBXFileReference; explicitFileType = wrapper.application; includeInIndex = 0; path = Component.app; sourceTree = BUILT_PRODUCTS_DIR; };
		C1E643C2244C79D500735A6B /* AppDelegate.h */ = {isa = PBXFileReference; lastKnownFileType = sourcecode.c.h; path = AppDelegate.h; sourceTree = "<group>"; };
		C1E643C3244C79D500735A6B /* AppDelegate.m */ = {isa = PBXFileReference; lastKnownFileType = sourcecode.c.objc; path = AppDelegate.m; sourceTree = "<group>"; };
		C1E643C5244C79D500735A6B /* SceneDelegate.h */ = {isa = PBXFileReference; lastKnownFileType = sourcecode.c.h; path = SceneDelegate.h; sourceTree = "<group>"; };
		C1E643C6244C79D500735A6B /* SceneDelegate.m */ = {isa = PBXFileReference; lastKnownFileType = sourcecode.c.objc; path = SceneDelegate.m; sourceTree = "<group>"; };
		C1E643C8244C79D500735A6B /* ViewController.h */ = {isa = PBXFileReference; lastKnownFileType = sourcecode.c.h; path = ViewController.h; sourceTree = "<group>"; };
		C1E643C9244C79D500735A6B /* ViewController.m */ = {isa = PBXFileReference; lastKnownFileType = sourcecode.c.objc; path = ViewController.m; sourceTree = "<group>"; };
		C1E643CC244C79D500735A6B /* Base */ = {isa = PBXFileReference; lastKnownFileType = file.storyboard; name = Base; path = Base.lproj/Main.storyboard; sourceTree = "<group>"; };
		C1E643CE244C79D700735A6B /* Assets.xcassets */ = {isa = PBXFileReference; lastKnownFileType = folder.assetcatalog; path = Assets.xcassets; sourceTree = "<group>"; };
		C1E643D1244C79D700735A6B /* Base */ = {isa = PBXFileReference; lastKnownFileType = file.storyboard; name = Base; path = Base.lproj/LaunchScreen.storyboard; sourceTree = "<group>"; };
		C1E643D3244C79D700735A6B /* Info.plist */ = {isa = PBXFileReference; lastKnownFileType = text.plist.xml; path = Info.plist; sourceTree = "<group>"; };
		C1E643D4244C79D700735A6B /* main.m */ = {isa = PBXFileReference; lastKnownFileType = sourcecode.c.objc; path = main.m; sourceTree = "<group>"; };
		C1E643DD244C7AC900735A6B /* AViewController.h */ = {isa = PBXFileReference; lastKnownFileType = sourcecode.c.h; path = AViewController.h; sourceTree = "<group>"; };
		C1E643DE244C7AC900735A6B /* AViewController.m */ = {isa = PBXFileReference; lastKnownFileType = sourcecode.c.objc; path = AViewController.m; sourceTree = "<group>"; };
		C1E643E0244C7B1100735A6B /* Target_A.h */ = {isa = PBXFileReference; lastKnownFileType = sourcecode.c.h; path = Target_A.h; sourceTree = "<group>"; };
		C1E643E1244C7B1100735A6B /* Target_A.m */ = {isa = PBXFileReference; lastKnownFileType = sourcecode.c.objc; path = Target_A.m; sourceTree = "<group>"; };
		C1E643E5244C7BB200735A6B /* CTMediator+AActions.h */ = {isa = PBXFileReference; lastKnownFileType = sourcecode.c.h; path = "CTMediator+AActions.h"; sourceTree = "<group>"; };
		C1E643E6244C7BB200735A6B /* CTMediator+AActions.m */ = {isa = PBXFileReference; lastKnownFileType = sourcecode.c.objc; path = "CTMediator+AActions.m"; sourceTree = "<group>"; };
		DB1E96D32F41A255063276BD /* Pods-Component.debug.xcconfig */ = {isa = PBXFileReference; includeInIndex = 1; lastKnownFileType = text.xcconfig; name = "Pods-Component.debug.xcconfig"; path = "Target Support Files/Pods-Component/Pods-Component.debug.xcconfig"; sourceTree = "<group>"; };
/* End PBXFileReference section */

/* Begin PBXFrameworksBuildPhase section */
		C1E643BC244C79D500735A6B /* Frameworks */ = {
			isa = PBXFrameworksBuildPhase;
			buildActionMask = 2147483647;
			files = (
				EC463C23B8A9CDE3EDD73B41 /* libPods-Component.a in Frameworks */,
			);
			runOnlyForDeploymentPostprocessing = 0;
		};
/* End PBXFrameworksBuildPhase section */

/* Begin PBXGroup section */
		C1E643B6244C79D400735A6B = {
			isa = PBXGroup;
			children = (
				C1E643C1244C79D500735A6B /* Component */,
				C1E643C0244C79D500735A6B /* Products */,
				E9DC2AD51179694964416620 /* Pods */,
				DD0FF4F58AFB820874693D5C /* Frameworks */,
			);
			sourceTree = "<group>";
		};
		C1E643C0244C79D500735A6B /* Products */ = {
			isa = PBXGroup;
			children = (
				C1E643BF244C79D500735A6B /* Component.app */,
			);
			name = Products;
			sourceTree = "<group>";
		};
		C1E643C1244C79D500735A6B /* Component */ = {
			isa = PBXGroup;
			children = (
				C1E643DB244C7A6B00735A6B /* Com */,
				C1E643C2244C79D500735A6B /* AppDelegate.h */,
				C1E643C3244C79D500735A6B /* AppDelegate.m */,
				C1E643C5244C79D500735A6B /* SceneDelegate.h */,
				C1E643C6244C79D500735A6B /* SceneDelegate.m */,
				C1E643C8244C79D500735A6B /* ViewController.h */,
				C1E643C9244C79D500735A6B /* ViewController.m */,
				C1E643CB244C79D500735A6B /* Main.storyboard */,
				C1E643CE244C79D700735A6B /* Assets.xcassets */,
				C1E643D0244C79D700735A6B /* LaunchScreen.storyboard */,
				C1E643D3244C79D700735A6B /* Info.plist */,
				C1E643D4244C79D700735A6B /* main.m */,
			);
			path = Component;
			sourceTree = "<group>";
		};
		C1E643DB244C7A6B00735A6B /* Com */ = {
			isa = PBXGroup;
			children = (
				C1E643E3244C7B2700735A6B /* CategoryA */,
				C1E643DC244C7A7700735A6B /* ComA */,
			);
			path = Com;
			sourceTree = "<group>";
		};
		C1E643DC244C7A7700735A6B /* ComA */ = {
			isa = PBXGroup;
			children = (
				C1E643E4244C7B3500735A6B /* Actions */,
				C1E643DD244C7AC900735A6B /* AViewController.h */,
				C1E643DE244C7AC900735A6B /* AViewController.m */,
			);
			path = ComA;
			sourceTree = "<group>";
		};
		C1E643E3244C7B2700735A6B /* CategoryA */ = {
			isa = PBXGroup;
			children = (
				C1E643E5244C7BB200735A6B /* CTMediator+AActions.h */,
				C1E643E6244C7BB200735A6B /* CTMediator+AActions.m */,
			);
			path = CategoryA;
			sourceTree = "<group>";
		};
		C1E643E4244C7B3500735A6B /* Actions */ = {
			isa = PBXGroup;
			children = (
				C1E643E0244C7B1100735A6B /* Target_A.h */,
				C1E643E1244C7B1100735A6B /* Target_A.m */,
			);
			path = Actions;
			sourceTree = "<group>";
		};
		DD0FF4F58AFB820874693D5C /* Frameworks */ = {
			isa = PBXGroup;
			children = (
				3472F4DA9D1E0A49146DE2A4 /* libPods-Component.a */,
			);
			name = Frameworks;
			sourceTree = "<group>";
		};
		E9DC2AD51179694964416620 /* Pods */ = {
			isa = PBXGroup;
			children = (
				DB1E96D32F41A255063276BD /* Pods-Component.debug.xcconfig */,
				1458E71B30A06319117AF82E /* Pods-Component.release.xcconfig */,
			);
			path = Pods;
			sourceTree = "<group>";
		};
/* End PBXGroup section */

/* Begin PBXNativeTarget section */
		C1E643BE244C79D500735A6B /* Component */ = {
			isa = PBXNativeTarget;
			buildConfigurationList = C1E643D8244C79D700735A6B /* Build configuration list for PBXNativeTarget "Component" */;
			buildPhases = (
				C7A85EB638207A76B9912D25 /* [CP] Check Pods Manifest.lock */,
				C1E643BB244C79D500735A6B /* Sources */,
				C1E643BC244C79D500735A6B /* Frameworks */,
				C1E643BD244C79D500735A6B /* Resources */,
			);
			buildRules = (
			);
			dependencies = (
			);
			name = Component;
			productName = Component;
			productReference = C1E643BF244C79D500735A6B /* Component.app */;
			productType = "com.apple.product-type.application";
		};
/* End PBXNativeTarget section */

/* Begin PBXProject section */
		C1E643B7244C79D400735A6B /* Project object */ = {
			isa = PBXProject;
			attributes = {
				LastUpgradeCheck = 1140;
				ORGANIZATIONNAME = "chao jie deng";
				TargetAttributes = {
					C1E643BE244C79D500735A6B = {
						CreatedOnToolsVersion = 11.4;
					};
				};
			};
			buildConfigurationList = C1E643BA244C79D400735A6B /* Build configuration list for PBXProject "Component" */;
			compatibilityVersion = "Xcode 9.3";
			developmentRegion = en;
			hasScannedForEncodings = 0;
			knownRegions = (
				en,
				Base,
			);
			mainGroup = C1E643B6244C79D400735A6B;
			productRefGroup = C1E643C0244C79D500735A6B /* Products */;
			projectDirPath = "";
			projectRoot = "";
			targets = (
				C1E643BE244C79D500735A6B /* Component */,
			);
		};
/* End PBXProject section */

/* Begin PBXResourcesBuildPhase section */
		C1E643BD244C79D500735A6B /* Resources */ = {
			isa = PBXResourcesBuildPhase;
			buildActionMask = 2147483647;
			files = (
				C1E643D2244C79D700735A6B /* LaunchScreen.storyboard in Resources */,
				C1E643CF244C79D700735A6B /* Assets.xcassets in Resources */,
				C1E643CD244C79D500735A6B /* Main.storyboard in Resources */,
			);
			runOnlyForDeploymentPostprocessing = 0;
		};
/* End PBXResourcesBuildPhase section */

/* Begin PBXShellScriptBuildPhase section */
		C7A85EB638207A76B9912D25 /* [CP] Check Pods Manifest.lock */ = {
			isa = PBXShellScriptBuildPhase;
			buildActionMask = 2147483647;
			files = (
			);
			inputFileListPaths = (
			);
			inputPaths = (
				"${PODS_PODFILE_DIR_PATH}/Podfile.lock",
				"${PODS_ROOT}/Manifest.lock",
			);
			name = "[CP] Check Pods Manifest.lock";
			outputFileListPaths = (
			);
			outputPaths = (
				"$(DERIVED_FILE_DIR)/Pods-Component-checkManifestLockResult.txt",
			);
			runOnlyForDeploymentPostprocessing = 0;
			shellPath = /bin/sh;
			shellScript = "diff \"${PODS_PODFILE_DIR_PATH}/Podfile.lock\" \"${PODS_ROOT}/Manifest.lock\" > /dev/null\nif [ $? != 0 ] ; then\n    # print error to STDERR\n    echo \"error: The sandbox is not in sync with the Podfile.lock. Run 'pod install' or update your CocoaPods installation.\" >&2\n    exit 1\nfi\n# This output is used by Xcode 'outputs' to avoid re-running this script phase.\necho \"SUCCESS\" > \"${SCRIPT_OUTPUT_FILE_0}\"\n";
			showEnvVarsInLog = 0;
		};
/* End PBXShellScriptBuildPhase section */

/* Begin PBXSourcesBuildPhase section */
		C1E643BB244C79D500735A6B /* Sources */ = {
			isa = PBXSourcesBuildPhase;
			buildActionMask = 2147483647;
			files = (
				C1E643CA244C79D500735A6B /* ViewController.m in Sources */,
				C1E643E7244C7BB200735A6B /* CTMediator+AActions.m in Sources */,
				C1E643DF244C7AC900735A6B /* AViewController.m in Sources */,
				C1E643C4244C79D500735A6B /* AppDelegate.m in Sources */,
				C1E643D5244C79D700735A6B /* main.m in Sources */,
				C1E643E2244C7B1100735A6B /* Target_A.m in Sources */,
				C1E643C7244C79D500735A6B /* SceneDelegate.m in Sources */,
			);
			runOnlyForDeploymentPostprocessing = 0;
		};
/* End PBXSourcesBuildPhase section */

/* Begin PBXVariantGroup section */
		C1E643CB244C79D500735A6B /* Main.storyboard */ = {
			isa = PBXVariantGroup;
			children = (
				C1E643CC244C79D500735A6B /* Base */,
			);
			name = Main.storyboard;
			sourceTree = "<group>";
		};
		C1E643D0244C79D700735A6B /* LaunchScreen.storyboard */ = {
			isa = PBXVariantGroup;
			children = (
				C1E643D1244C79D700735A6B /* Base */,
			);
			name = LaunchScreen.storyboard;
			sourceTree = "<group>";
		};
/* End PBXVariantGroup section */

/* Begin XCBuildConfiguration section */
		C1E643D6244C79D700735A6B /* Debug */ = {
			isa = XCBuildConfiguration;
			buildSettings = {
				ALWAYS_SEARCH_USER_PATHS = NO;
				CLANG_ANALYZER_NONNULL = YES;
				CLANG_ANALYZER_NUMBER_OBJECT_CONVERSION = YES_AGGRESSIVE;
				CLANG_CXX_LANGUAGE_STANDARD = "gnu++14";
				CLANG_CXX_LIBRARY = "libc++";
				CLANG_ENABLE_MODULES = YES;
				CLANG_ENABLE_OBJC_ARC = YES;
				CLANG_ENABLE_OBJC_WEAK = YES;
				CLANG_WARN_BLOCK_CAPTURE_AUTORELEASING = YES;
				CLANG_WARN_BOOL_CONVERSION = YES;
				CLANG_WARN_COMMA = YES;
				CLANG_WARN_CONSTANT_CONVERSION = YES;
				CLANG_WARN_DEPRECATED_OBJC_IMPLEMENTATIONS = YES;
				CLANG_WARN_DIRECT_OBJC_ISA_USAGE = YES_ERROR;
				CLANG_WARN_DOCUMENTATION_COMMENTS = YES;
				CLANG_WARN_EMPTY_BODY = YES;
				CLANG_WARN_ENUM_CONVERSION = YES;
				CLANG_WARN_INFINITE_RECURSION = YES;
				CLANG_WARN_INT_CONVERSION = YES;
				CLANG_WARN_NON_LITERAL_NULL_CONVERSION = YES;
				CLANG_WARN_OBJC_IMPLICIT_RETAIN_SELF = YES;
				CLANG_WARN_OBJC_LITERAL_CONVERSION = YES;
				CLANG_WARN_OBJC_ROOT_CLASS = YES_ERROR;
				CLANG_WARN_RANGE_LOOP_ANALYSIS = YES;
				CLANG_WARN_STRICT_PROTOTYPES = YES;
				CLANG_WARN_SUSPICIOUS_MOVE = YES;
				CLANG_WARN_UNGUARDED_AVAILABILITY = YES_AGGRESSIVE;
				CLANG_WARN_UNREACHABLE_CODE = YES;
				CLANG_WARN__DUPLICATE_METHOD_MATCH = YES;
				COPY_PHASE_STRIP = NO;
				DEBUG_INFORMATION_FORMAT = dwarf;
				ENABLE_STRICT_OBJC_MSGSEND = YES;
				ENABLE_TESTABILITY = YES;
				GCC_C_LANGUAGE_STANDARD = gnu11;
				GCC_DYNAMIC_NO_PIC = NO;
				GCC_NO_COMMON_BLOCKS = YES;
				GCC_OPTIMIZATION_LEVEL = 0;
				GCC_PREPROCESSOR_DEFINITIONS = (
					"DEBUG=1",
					"$(inherited)",
				);
				GCC_WARN_64_TO_32_BIT_CONVERSION = YES;
				GCC_WARN_ABOUT_RETURN_TYPE = YES_ERROR;
				GCC_WARN_UNDECLARED_SELECTOR = YES;
				GCC_WARN_UNINITIALIZED_AUTOS = YES_AGGRESSIVE;
				GCC_WARN_UNUSED_FUNCTION = YES;
				GCC_WARN_UNUSED_VARIABLE = YES;
				IPHONEOS_DEPLOYMENT_TARGET = 13.4;
				MTL_ENABLE_DEBUG_INFO = INCLUDE_SOURCE;
				MTL_FAST_MATH = YES;
				ONLY_ACTIVE_ARCH = YES;
				SDKROOT = iphoneos;
			};
			name = Debug;
		};
		C1E643D7244C79D700735A6B /* Release */ = {
			isa = XCBuildConfiguration;
			buildSettings = {
				ALWAYS_SEARCH_USER_PATHS = NO;
				CLANG_ANALYZER_NONNULL = YES;
				CLANG_ANALYZER_NUMBER_OBJECT_CONVERSION = YES_AGGRESSIVE;
				CLANG_CXX_LANGUAGE_STANDARD = "gnu++14";
				CLANG_CXX_LIBRARY = "libc++";
				CLANG_ENABLE_MODULES = YES;
				CLANG_ENABLE_OBJC_ARC = YES;
				CLANG_ENABLE_OBJC_WEAK = YES;
				CLANG_WARN_BLOCK_CAPTURE_AUTORELEASING = YES;
				CLANG_WARN_BOOL_CONVERSION = YES;
				CLANG_WARN_COMMA = YES;
				CLANG_WARN_CONSTANT_CONVERSION = YES;
				CLANG_WARN_DEPRECATED_OBJC_IMPLEMENTATIONS = YES;
				CLANG_WARN_DIRECT_OBJC_ISA_USAGE = YES_ERROR;
				CLANG_WARN_DOCUMENTATION_COMMENTS = YES;
				CLANG_WARN_EMPTY_BODY = YES;
				CLANG_WARN_ENUM_CONVERSION = YES;
				CLANG_WARN_INFINITE_RECURSION = YES;
				CLANG_WARN_INT_CONVERSION = YES;
				CLANG_WARN_NON_LITERAL_NULL_CONVERSION = YES;
				CLANG_WARN_OBJC_IMPLICIT_RETAIN_SELF = YES;
				CLANG_WARN_OBJC_LITERAL_CONVERSION = YES;
				CLANG_WARN_OBJC_ROOT_CLASS = YES_ERROR;
				CLANG_WARN_RANGE_LOOP_ANALYSIS = YES;
				CLANG_WARN_STRICT_PROTOTYPES = YES;
				CLANG_WARN_SUSPICIOUS_MOVE = YES;
				CLANG_WARN_UNGUARDED_AVAILABILITY = YES_AGGRESSIVE;
				CLANG_WARN_UNREACHABLE_CODE = YES;
				CLANG_WARN__DUPLICATE_METHOD_MATCH = YES;
				COPY_PHASE_STRIP = NO;
				DEBUG_INFORMATION_FORMAT = "dwarf-with-dsym";
				ENABLE_NS_ASSERTIONS = NO;
				ENABLE_STRICT_OBJC_MSGSEND = YES;
				GCC_C_LANGUAGE_STANDARD = gnu11;
				GCC_NO_COMMON_BLOCKS = YES;
				GCC_WARN_64_TO_32_BIT_CONVERSION = YES;
				GCC_WARN_ABOUT_RETURN_TYPE = YES_ERROR;
				GCC_WARN_UNDECLARED_SELECTOR = YES;
				GCC_WARN_UNINITIALIZED_AUTOS = YES_AGGRESSIVE;
				GCC_WARN_UNUSED_FUNCTION = YES;
				GCC_WARN_UNUSED_VARIABLE = YES;
				IPHONEOS_DEPLOYMENT_TARGET = 13.4;
				MTL_ENABLE_DEBUG_INFO = NO;
				MTL_FAST_MATH = YES;
				SDKROOT = iphoneos;
				VALIDATE_PRODUCT = YES;
			};
			name = Release;
		};
		C1E643D9244C79D700735A6B /* Debug */ = {
			isa = XCBuildConfiguration;
			baseConfigurationReference = DB1E96D32F41A255063276BD /* Pods-Component.debug.xcconfig */;
			buildSettings = {
				ASSETCATALOG_COMPILER_APPICON_NAME = AppIcon;
				CODE_SIGN_STYLE = Automatic;
				INFOPLIST_FILE = Component/Info.plist;
				LD_RUNPATH_SEARCH_PATHS = (
					"$(inherited)",
					"@executable_path/Frameworks",
				);
				PRODUCT_BUNDLE_IDENTIFIER = com.dcj.Component;
				PRODUCT_NAME = "$(TARGET_NAME)";
				TARGETED_DEVICE_FAMILY = "1,2";
			};
			name = Debug;
		};
		C1E643DA244C79D700735A6B /* Release */ = {
			isa = XCBuildConfiguration;
			baseConfigurationReference = 1458E71B30A06319117AF82E /* Pods-Component.release.xcconfig */;
			buildSettings = {
				ASSETCATALOG_COMPILER_APPICON_NAME = AppIcon;
				CODE_SIGN_STYLE = Automatic;
				INFOPLIST_FILE = Component/Info.plist;
				LD_RUNPATH_SEARCH_PATHS = (
					"$(inherited)",
					"@executable_path/Frameworks",
				);
				PRODUCT_BUNDLE_IDENTIFIER = com.dcj.Component;
				PRODUCT_NAME = "$(TARGET_NAME)";
				TARGETED_DEVICE_FAMILY = "1,2";
			};
			name = Release;
		};
/* End XCBuildConfiguration section */

/* Begin XCConfigurationList section */
		C1E643BA244C79D400735A6B /* Build configuration list for PBXProject "Component" */ = {
			isa = XCConfigurationList;
			buildConfigurations = (
				C1E643D6244C79D700735A6B /* Debug */,
				C1E643D7244C79D700735A6B /* Release */,
			);
			defaultConfigurationIsVisible = 0;
			defaultConfigurationName = Release;
		};
		C1E643D8244C79D700735A6B /* Build configuration list for PBXNativeTarget "Component" */ = {
			isa = XCConfigurationList;
			buildConfigurations = (
				C1E643D9244C79D700735A6B /* Debug */,
				C1E643DA244C79D700735A6B /* Release */,
			);
			defaultConfigurationIsVisible = 0;
			defaultConfigurationName = Release;
		};
/* End XCConfigurationList section */
	};
	rootObject = C1E643B7244C79D400735A6B /* Project object */;
}
