// !$*UTF8*$!
{
	archiveVersion = 1;
	classes = {
	};
	objectVersion = 50;
	objects = {

/* Begin PBXBuildFile section */
		C144042B240FB4CC001EFCA2 /* NSBundle+Language.m in Sources */ = {isa = PBXBuildFile; fileRef = C144042A240FB4CC001EFCA2 /* NSBundle+Language.m */; };
		C1E863C5240F8560000E4B11 /* AppDelegate.m in Sources */ = {isa = PBXBuildFile; fileRef = C1E863C4240F8560000E4B11 /* AppDelegate.m */; };
		C1E863C8240F8560000E4B11 /* SceneDelegate.m in Sources */ = {isa = PBXBuildFile; fileRef = C1E863C7240F8560000E4B11 /* SceneDelegate.m */; };
		C1E863CB240F8560000E4B11 /* ViewController.m in Sources */ = {isa = PBXBuildFile; fileRef = C1E863CA240F8560000E4B11 /* ViewController.m */; };
		C1E863CE240F8560000E4B11 /* Main.storyboard in Resources */ = {isa = PBXBuildFile; fileRef = C1E863CC240F8560000E4B11 /* Main.storyboard */; };
		C1E863D0240F8563000E4B11 /* Assets.xcassets in Resources */ = {isa = PBXBuildFile; fileRef = C1E863CF240F8563000E4B11 /* Assets.xcassets */; };
		C1E863D3240F8563000E4B11 /* LaunchScreen.storyboard in Resources */ = {isa = PBXBuildFile; fileRef = C1E863D1240F8563000E4B11 /* LaunchScreen.storyboard */; };
		C1E863D6240F8563000E4B11 /* main.m in Sources */ = {isa = PBXBuildFile; fileRef = C1E863D5240F8563000E4B11 /* main.m */; };
		C1E863DE240F8FC6000E4B11 /* MyView.m in Sources */ = {isa = PBXBuildFile; fileRef = C1E863DD240F8FC6000E4B11 /* MyView.m */; };
		C1E863E7240FB0A2000E4B11 /* Localizable.strings in Resources */ = {isa = PBXBuildFile; fileRef = C1E863E9240FB0A2000E4B11 /* Localizable.strings */; };
/* End PBXBuildFile section */

/* Begin PBXFileReference section */
		C1440429240FB4CC001EFCA2 /* NSBundle+Language.h */ = {isa = PBXFileReference; lastKnownFileType = sourcecode.c.h; path = "NSBundle+Language.h"; sourceTree = "<group>"; };
		C144042A240FB4CC001EFCA2 /* NSBundle+Language.m */ = {isa = PBXFileReference; lastKnownFileType = sourcecode.c.objc; path = "NSBundle+Language.m"; sourceTree = "<group>"; };
		C1E863C0240F8560000E4B11 /* UIDemo.app */ = {isa = PBXFileReference; explicitFileType = wrapper.application; includeInIndex = 0; path = UIDemo.app; sourceTree = BUILT_PRODUCTS_DIR; };
		C1E863C3240F8560000E4B11 /* AppDelegate.h */ = {isa = PBXFileReference; lastKnownFileType = sourcecode.c.h; path = AppDelegate.h; sourceTree = "<group>"; };
		C1E863C4240F8560000E4B11 /* AppDelegate.m */ = {isa = PBXFileReference; lastKnownFileType = sourcecode.c.objc; path = AppDelegate.m; sourceTree = "<group>"; };
		C1E863C6240F8560000E4B11 /* SceneDelegate.h */ = {isa = PBXFileReference; lastKnownFileType = sourcecode.c.h; path = SceneDelegate.h; sourceTree = "<group>"; };
		C1E863C7240F8560000E4B11 /* SceneDelegate.m */ = {isa = PBXFileReference; lastKnownFileType = sourcecode.c.objc; path = SceneDelegate.m; sourceTree = "<group>"; };
		C1E863C9240F8560000E4B11 /* ViewController.h */ = {isa = PBXFileReference; lastKnownFileType = sourcecode.c.h; path = ViewController.h; sourceTree = "<group>"; };
		C1E863CA240F8560000E4B11 /* ViewController.m */ = {isa = PBXFileReference; lastKnownFileType = sourcecode.c.objc; path = ViewController.m; sourceTree = "<group>"; };
		C1E863CD240F8560000E4B11 /* Base */ = {isa = PBXFileReference; lastKnownFileType = file.storyboard; name = Base; path = Base.lproj/Main.storyboard; sourceTree = "<group>"; };
		C1E863CF240F8563000E4B11 /* Assets.xcassets */ = {isa = PBXFileReference; lastKnownFileType = folder.assetcatalog; path = Assets.xcassets; sourceTree = "<group>"; };
		C1E863D2240F8563000E4B11 /* Base */ = {isa = PBXFileReference; lastKnownFileType = file.storyboard; name = Base; path = Base.lproj/LaunchScreen.storyboard; sourceTree = "<group>"; };
		C1E863D4240F8563000E4B11 /* Info.plist */ = {isa = PBXFileReference; lastKnownFileType = text.plist.xml; path = Info.plist; sourceTree = "<group>"; };
		C1E863D5240F8563000E4B11 /* main.m */ = {isa = PBXFileReference; lastKnownFileType = sourcecode.c.objc; path = main.m; sourceTree = "<group>"; };
		C1E863DC240F8FC6000E4B11 /* MyView.h */ = {isa = PBXFileReference; lastKnownFileType = sourcecode.c.h; path = MyView.h; sourceTree = "<group>"; };
		C1E863DD240F8FC6000E4B11 /* MyView.m */ = {isa = PBXFileReference; lastKnownFileType = sourcecode.c.objc; path = MyView.m; sourceTree = "<group>"; };
		C1E863DF240FA9DB000E4B11 /* zh-Hans */ = {isa = PBXFileReference; lastKnownFileType = text.plist.strings; name = "zh-Hans"; path = "zh-Hans.lproj/Main.strings"; sourceTree = "<group>"; };
		C1E863E0240FA9DC000E4B11 /* zh-Hans */ = {isa = PBXFileReference; lastKnownFileType = text.plist.strings; name = "zh-Hans"; path = "zh-Hans.lproj/LaunchScreen.strings"; sourceTree = "<group>"; };
		C1E863E8240FB0A2000E4B11 /* en */ = {isa = PBXFileReference; lastKnownFileType = text.plist.strings; name = en; path = en.lproj/Localizable.strings; sourceTree = "<group>"; };
		C1E863EB240FB0B4000E4B11 /* zh-Hans */ = {isa = PBXFileReference; lastKnownFileType = text.plist.strings; name = "zh-Hans"; path = "zh-Hans.lproj/Localizable.strings"; sourceTree = "<group>"; };
/* End PBXFileReference section */

/* Begin PBXFrameworksBuildPhase section */
		C1E863BD240F8560000E4B11 /* Frameworks */ = {
			isa = PBXFrameworksBuildPhase;
			buildActionMask = 2147483647;
			files = (
			);
			runOnlyForDeploymentPostprocessing = 0;
		};
/* End PBXFrameworksBuildPhase section */

/* Begin PBXGroup section */
		C1E863B7240F8560000E4B11 = {
			isa = PBXGroup;
			children = (
				C1E863C2240F8560000E4B11 /* UIDemo */,
				C1E863C1240F8560000E4B11 /* Products */,
			);
			sourceTree = "<group>";
		};
		C1E863C1240F8560000E4B11 /* Products */ = {
			isa = PBXGroup;
			children = (
				C1E863C0240F8560000E4B11 /* UIDemo.app */,
			);
			name = Products;
			sourceTree = "<group>";
		};
		C1E863C2240F8560000E4B11 /* UIDemo */ = {
			isa = PBXGroup;
			children = (
				C1E863C3240F8560000E4B11 /* AppDelegate.h */,
				C1E863C4240F8560000E4B11 /* AppDelegate.m */,
				C1E863C6240F8560000E4B11 /* SceneDelegate.h */,
				C1E863C7240F8560000E4B11 /* SceneDelegate.m */,
				C1E863C9240F8560000E4B11 /* ViewController.h */,
				C1E863CA240F8560000E4B11 /* ViewController.m */,
				C1E863CC240F8560000E4B11 /* Main.storyboard */,
				C1E863CF240F8563000E4B11 /* Assets.xcassets */,
				C1E863D1240F8563000E4B11 /* LaunchScreen.storyboard */,
				C1E863D4240F8563000E4B11 /* Info.plist */,
				C1E863D5240F8563000E4B11 /* main.m */,
				C1E863DC240F8FC6000E4B11 /* MyView.h */,
				C1E863DD240F8FC6000E4B11 /* MyView.m */,
				C1E863E9240FB0A2000E4B11 /* Localizable.strings */,
				C1440429240FB4CC001EFCA2 /* NSBundle+Language.h */,
				C144042A240FB4CC001EFCA2 /* NSBundle+Language.m */,
			);
			path = UIDemo;
			sourceTree = "<group>";
		};
/* End PBXGroup section */

/* Begin PBXNativeTarget section */
		C1E863BF240F8560000E4B11 /* UIDemo */ = {
			isa = PBXNativeTarget;
			buildConfigurationList = C1E863D9240F8563000E4B11 /* Build configuration list for PBXNativeTarget "UIDemo" */;
			buildPhases = (
				C1E863BC240F8560000E4B11 /* Sources */,
				C1E863BD240F8560000E4B11 /* Frameworks */,
				C1E863BE240F8560000E4B11 /* Resources */,
			);
			buildRules = (
			);
			dependencies = (
			);
			name = UIDemo;
			productName = UIDemo;
			productReference = C1E863C0240F8560000E4B11 /* UIDemo.app */;
			productType = "com.apple.product-type.application";
		};
/* End PBXNativeTarget section */

/* Begin PBXProject section */
		C1E863B8240F8560000E4B11 /* Project object */ = {
			isa = PBXProject;
			attributes = {
				LastUpgradeCheck = 1130;
				ORGANIZATIONNAME = "chao jie deng";
				TargetAttributes = {
					C1E863BF240F8560000E4B11 = {
						CreatedOnToolsVersion = 11.3;
					};
				};
			};
			buildConfigurationList = C1E863BB240F8560000E4B11 /* Build configuration list for PBXProject "UIDemo" */;
			compatibilityVersion = "Xcode 9.3";
			developmentRegion = en;
			hasScannedForEncodings = 0;
			knownRegions = (
				en,
				Base,
				"zh-Hans",
			);
			mainGroup = C1E863B7240F8560000E4B11;
			productRefGroup = C1E863C1240F8560000E4B11 /* Products */;
			projectDirPath = "";
			projectRoot = "";
			targets = (
				C1E863BF240F8560000E4B11 /* UIDemo */,
			);
		};
/* End PBXProject section */

/* Begin PBXResourcesBuildPhase section */
		C1E863BE240F8560000E4B11 /* Resources */ = {
			isa = PBXResourcesBuildPhase;
			buildActionMask = 2147483647;
			files = (
				C1E863D3240F8563000E4B11 /* LaunchScreen.storyboard in Resources */,
				C1E863E7240FB0A2000E4B11 /* Localizable.strings in Resources */,
				C1E863D0240F8563000E4B11 /* Assets.xcassets in Resources */,
				C1E863CE240F8560000E4B11 /* Main.storyboard in Resources */,
			);
			runOnlyForDeploymentPostprocessing = 0;
		};
/* End PBXResourcesBuildPhase section */

/* Begin PBXSourcesBuildPhase section */
		C1E863BC240F8560000E4B11 /* Sources */ = {
			isa = PBXSourcesBuildPhase;
			buildActionMask = 2147483647;
			files = (
				C1E863CB240F8560000E4B11 /* ViewController.m in Sources */,
				C1E863C5240F8560000E4B11 /* AppDelegate.m in Sources */,
				C144042B240FB4CC001EFCA2 /* NSBundle+Language.m in Sources */,
				C1E863D6240F8563000E4B11 /* main.m in Sources */,
				C1E863C8240F8560000E4B11 /* SceneDelegate.m in Sources */,
				C1E863DE240F8FC6000E4B11 /* MyView.m in Sources */,
			);
			runOnlyForDeploymentPostprocessing = 0;
		};
/* End PBXSourcesBuildPhase section */

/* Begin PBXVariantGroup section */
		C1E863CC240F8560000E4B11 /* Main.storyboard */ = {
			isa = PBXVariantGroup;
			children = (
				C1E863CD240F8560000E4B11 /* Base */,
				C1E863DF240FA9DB000E4B11 /* zh-Hans */,
			);
			name = Main.storyboard;
			sourceTree = "<group>";
		};
		C1E863D1240F8563000E4B11 /* LaunchScreen.storyboard */ = {
			isa = PBXVariantGroup;
			children = (
				C1E863D2240F8563000E4B11 /* Base */,
				C1E863E0240FA9DC000E4B11 /* zh-Hans */,
			);
			name = LaunchScreen.storyboard;
			sourceTree = "<group>";
		};
		C1E863E9240FB0A2000E4B11 /* Localizable.strings */ = {
			isa = PBXVariantGroup;
			children = (
				C1E863E8240FB0A2000E4B11 /* en */,
				C1E863EB240FB0B4000E4B11 /* zh-Hans */,
			);
			name = Localizable.strings;
			sourceTree = "<group>";
		};
/* End PBXVariantGroup section */

/* Begin XCBuildConfiguration section */
		C1E863D7240F8563000E4B11 /* Debug */ = {
			isa = XCBuildConfiguration;
			buildSettings = {
				ALWAYS_SEARCH_USER_PATHS = NO;
				CLANG_ANALYZER_LOCALIZABILITY_NONLOCALIZED = YES;
				CLANG_ANALYZER_NONNULL = YES;
				CLANG_ANALYZER_NUMBER_OBJECT_CONVERSION = YES_AGGRESSIVE;
				CLANG_CXX_LANGUAGE_STANDARD = "gnu++14";
				CLANG_CXX_LIBRARY = "libc++";
				CLANG_ENABLE_MODULES = YES;
				CLANG_ENABLE_OBJC_ARC = YES;
				CLANG_ENABLE_OBJC_WEAK = YES;
				CLANG_WARN_BLOCK_CAPTURE_AUTORELEASING = YES;
				CLANG_WARN_BOOL_CONVERSION = YES;
				CLANG_WARN_COMMA = YES;
				CLANG_WARN_CONSTANT_CONVERSION = YES;
				CLANG_WARN_DEPRECATED_OBJC_IMPLEMENTATIONS = YES;
				CLANG_WARN_DIRECT_OBJC_ISA_USAGE = YES_ERROR;
				CLANG_WARN_DOCUMENTATION_COMMENTS = YES;
				CLANG_WARN_EMPTY_BODY = YES;
				CLANG_WARN_ENUM_CONVERSION = YES;
				CLANG_WARN_INFINITE_RECURSION = YES;
				CLANG_WARN_INT_CONVERSION = YES;
				CLANG_WARN_NON_LITERAL_NULL_CONVERSION = YES;
				CLANG_WARN_OBJC_IMPLICIT_RETAIN_SELF = YES;
				CLANG_WARN_OBJC_LITERAL_CONVERSION = YES;
				CLANG_WARN_OBJC_ROOT_CLASS = YES_ERROR;
				CLANG_WARN_RANGE_LOOP_ANALYSIS = YES;
				CLANG_WARN_STRICT_PROTOTYPES = YES;
				CLANG_WARN_SUSPICIOUS_MOVE = YES;
				CLANG_WARN_UNGUARDED_AVAILABILITY = YES_AGGRESSIVE;
				CLANG_WARN_UNREACHABLE_CODE = YES;
				CLANG_WARN__DUPLICATE_METHOD_MATCH = YES;
				COPY_PHASE_STRIP = NO;
				DEBUG_INFORMATION_FORMAT = dwarf;
				ENABLE_STRICT_OBJC_MSGSEND = YES;
				ENABLE_TESTABILITY = YES;
				GCC_C_LANGUAGE_STANDARD = gnu11;
				GCC_DYNAMIC_NO_PIC = NO;
				GCC_NO_COMMON_BLOCKS = YES;
				GCC_OPTIMIZATION_LEVEL = 0;
				GCC_PREPROCESSOR_DEFINITIONS = (
					"DEBUG=1",
					"$(inherited)",
				);
				GCC_WARN_64_TO_32_BIT_CONVERSION = YES;
				GCC_WARN_ABOUT_RETURN_TYPE = YES_ERROR;
				GCC_WARN_UNDECLARED_SELECTOR = YES;
				GCC_WARN_UNINITIALIZED_AUTOS = YES_AGGRESSIVE;
				GCC_WARN_UNUSED_FUNCTION = YES;
				GCC_WARN_UNUSED_VARIABLE = YES;
				IPHONEOS_DEPLOYMENT_TARGET = 13.2;
				MTL_ENABLE_DEBUG_INFO = INCLUDE_SOURCE;
				MTL_FAST_MATH = YES;
				ONLY_ACTIVE_ARCH = YES;
				SDKROOT = iphoneos;
			};
			name = Debug;
		};
		C1E863D8240F8563000E4B11 /* Release */ = {
			isa = XCBuildConfiguration;
			buildSettings = {
				ALWAYS_SEARCH_USER_PATHS = NO;
				CLANG_ANALYZER_LOCALIZABILITY_NONLOCALIZED = YES;
				CLANG_ANALYZER_NONNULL = YES;
				CLANG_ANALYZER_NUMBER_OBJECT_CONVERSION = YES_AGGRESSIVE;
				CLANG_CXX_LANGUAGE_STANDARD = "gnu++14";
				CLANG_CXX_LIBRARY = "libc++";
				CLANG_ENABLE_MODULES = YES;
				CLANG_ENABLE_OBJC_ARC = YES;
				CLANG_ENABLE_OBJC_WEAK = YES;
				CLANG_WARN_BLOCK_CAPTURE_AUTORELEASING = YES;
				CLANG_WARN_BOOL_CONVERSION = YES;
				CLANG_WARN_COMMA = YES;
				CLANG_WARN_CONSTANT_CONVERSION = YES;
				CLANG_WARN_DEPRECATED_OBJC_IMPLEMENTATIONS = YES;
				CLANG_WARN_DIRECT_OBJC_ISA_USAGE = YES_ERROR;
				CLANG_WARN_DOCUMENTATION_COMMENTS = YES;
				CLANG_WARN_EMPTY_BODY = YES;
				CLANG_WARN_ENUM_CONVERSION = YES;
				CLANG_WARN_INFINITE_RECURSION = YES;
				CLANG_WARN_INT_CONVERSION = YES;
				CLANG_WARN_NON_LITERAL_NULL_CONVERSION = YES;
				CLANG_WARN_OBJC_IMPLICIT_RETAIN_SELF = YES;
				CLANG_WARN_OBJC_LITERAL_CONVERSION = YES;
				CLANG_WARN_OBJC_ROOT_CLASS = YES_ERROR;
				CLANG_WARN_RANGE_LOOP_ANALYSIS = YES;
				CLANG_WARN_STRICT_PROTOTYPES = YES;
				CLANG_WARN_SUSPICIOUS_MOVE = YES;
				CLANG_WARN_UNGUARDED_AVAILABILITY = YES_AGGRESSIVE;
				CLANG_WARN_UNREACHABLE_CODE = YES;
				CLANG_WARN__DUPLICATE_METHOD_MATCH = YES;
				COPY_PHASE_STRIP = NO;
				DEBUG_INFORMATION_FORMAT = "dwarf-with-dsym";
				ENABLE_NS_ASSERTIONS = NO;
				ENABLE_STRICT_OBJC_MSGSEND = YES;
				GCC_C_LANGUAGE_STANDARD = gnu11;
				GCC_NO_COMMON_BLOCKS = YES;
				GCC_WARN_64_TO_32_BIT_CONVERSION = YES;
				GCC_WARN_ABOUT_RETURN_TYPE = YES_ERROR;
				GCC_WARN_UNDECLARED_SELECTOR = YES;
				GCC_WARN_UNINITIALIZED_AUTOS = YES_AGGRESSIVE;
				GCC_WARN_UNUSED_FUNCTION = YES;
				GCC_WARN_UNUSED_VARIABLE = YES;
				IPHONEOS_DEPLOYMENT_TARGET = 13.2;
				MTL_ENABLE_DEBUG_INFO = NO;
				MTL_FAST_MATH = YES;
				SDKROOT = iphoneos;
				VALIDATE_PRODUCT = YES;
			};
			name = Release;
		};
		C1E863DA240F8563000E4B11 /* Debug */ = {
			isa = XCBuildConfiguration;
			buildSettings = {
				ASSETCATALOG_COMPILER_APPICON_NAME = AppIcon;
				CODE_SIGN_STYLE = Automatic;
				INFOPLIST_FILE = UIDemo/Info.plist;
				LD_RUNPATH_SEARCH_PATHS = (
					"$(inherited)",
					"@executable_path/Frameworks",
				);
				PRODUCT_BUNDLE_IDENTIFIER = com.dcj.UIDemo;
				PRODUCT_NAME = "$(TARGET_NAME)";
				TARGETED_DEVICE_FAMILY = "1,2";
			};
			name = Debug;
		};
		C1E863DB240F8563000E4B11 /* Release */ = {
			isa = XCBuildConfiguration;
			buildSettings = {
				ASSETCATALOG_COMPILER_APPICON_NAME = AppIcon;
				CODE_SIGN_STYLE = Automatic;
				INFOPLIST_FILE = UIDemo/Info.plist;
				LD_RUNPATH_SEARCH_PATHS = (
					"$(inherited)",
					"@executable_path/Frameworks",
				);
				PRODUCT_BUNDLE_IDENTIFIER = com.dcj.UIDemo;
				PRODUCT_NAME = "$(TARGET_NAME)";
				TARGETED_DEVICE_FAMILY = "1,2";
			};
			name = Release;
		};
/* End XCBuildConfiguration section */

/* Begin XCConfigurationList section */
		C1E863BB240F8560000E4B11 /* Build configuration list for PBXProject "UIDemo" */ = {
			isa = XCConfigurationList;
			buildConfigurations = (
				C1E863D7240F8563000E4B11 /* Debug */,
				C1E863D8240F8563000E4B11 /* Release */,
			);
			defaultConfigurationIsVisible = 0;
			defaultConfigurationName = Release;
		};
		C1E863D9240F8563000E4B11 /* Build configuration list for PBXNativeTarget "UIDemo" */ = {
			isa = XCConfigurationList;
			buildConfigurations = (
				C1E863DA240F8563000E4B11 /* Debug */,
				C1E863DB240F8563000E4B11 /* Release */,
			);
			defaultConfigurationIsVisible = 0;
			defaultConfigurationName = Release;
		};
/* End XCConfigurationList section */
	};
	rootObject = C1E863B8240F8560000E4B11 /* Project object */;
}
